
Microsoft Visual Studio Solution File, Format Version 12.00
# Visual Studio Version 17
VisualStudioVersion = 17.14.36121.58 d17.14
MinimumVisualStudioVersion = 10.0.40219.1
Project("{FAE04EC0-301F-11D3-BF4B-00C04F79EFBC}") = "S3T1_Login_FRMs", "S3T1_Login_FRMs.csproj", "{949457BA-AF3A-4048-8C94-9C1E1BA9528B}"
EndProject
Global
	GlobalSection(SolutionConfigurationPlatforms) = preSolution
		Debug|Any CPU = Debug|Any CPU
		Release|Any CPU = Release|Any CPU
	EndGlobalSection
	GlobalSection(ProjectConfigurationPlatforms) = postSolution
		{949457BA-AF3A-4048-8C94-9C1E1BA9528B}.Debug|Any CPU.ActiveCfg = Debug|Any CPU
		{949457BA-AF3A-4048-8C94-9C1E1BA9528B}.Debug|Any CPU.Build.0 = Debug|Any CPU
		{949457BA-AF3A-4048-8C94-9C1E1BA9528B}.Release|Any CPU.ActiveCfg = Release|Any CPU
		{949457BA-AF3A-4048-8C94-9C1E1BA9528B}.Release|Any CPU.Build.0 = Release|Any CPU
	EndGlobalSection
	GlobalSection(SolutionProperties) = preSolution
		HideSolutionNode = FALSE
	EndGlobalSection
	GlobalSection(ExtensibilityGlobals) = postSolution
		SolutionGuid = {631E016C-7CEC-4D90-A7D6-BD2BAAB3DF5C}
	EndGlobalSection
EndGlobal
